
Microsoft Visual Studio Solution File, Format Version 12.00
# Visual Studio Version 16
VisualStudioVersion = 16.0.31829.152
MinimumVisualStudioVersion = 10.0.40219.1
Project("{FAE04EC0-301F-11D3-BF4B-00C04F79EFBC}") = "MC5Trainer", "MC5Trainer\MC5Trainer.csproj", "{957FA2D0-89CC-4FF2-AE96-A435C190597D}"
EndProject
Global
	GlobalSection(SolutionConfigurationPlatforms) = preSolution
		Debug|Any CPU = Debug|Any CPU
		Release|Any CPU = Release|Any CPU
	EndGlobalSection
	GlobalSection(ProjectConfigurationPlatforms) = postSolution
		{957FA2D0-89CC-4FF2-AE96-A435C190597D}.Debug|Any CPU.ActiveCfg = Debug|Any CPU
		{957FA2D0-89CC-4FF2-AE96-A435C190597D}.Debug|Any CPU.Build.0 = Debug|Any CPU
		{957FA2D0-89CC-4FF2-AE96-A435C190597D}.Release|Any CPU.ActiveCfg = Release|Any CPU
		{957FA2D0-89CC-4FF2-AE96-A435C190597D}.Release|Any CPU.Build.0 = Release|Any CPU
	EndGlobalSection
	GlobalSection(SolutionProperties) = preSolution
		HideSolutionNode = FALSE
	EndGlobalSection
	GlobalSection(ExtensibilityGlobals) = postSolution
		SolutionGuid = {92436008-97F0-4DD6-A19A-0518132CB8ED}
	EndGlobalSection
EndGlobal
